
Microsoft Visual Studio Solution File, Format Version 12.00
# Visual Studio Version 17
VisualStudioVersion = 17.5.2.0
MinimumVisualStudioVersion = 10.0.40219.1
Project("{FAE04EC0-301F-11D3-BF4B-00C04F79EFBC}") = "WeatherApi", "WeatherApi\WeatherApi.csproj", "{A3906CE0-E2EF-98EE-A96A-75AF48E9F4E1}"
EndProject
Project("{FAE04EC0-301F-11D3-BF4B-00C04F79EFBC}") = "WeatherApi.Controllers", "WeatherApi.Controllers\WeatherApi.Controllers.csproj", "{D60CBB75-1AC1-F811-3AF2-6E4010951EF4}"
EndProject
Project("{FAE04EC0-301F-11D3-BF4B-00C04F79EFBC}") = "WeatherApi.Services", "WeatherApi.Services\WeatherApi.Services.csproj", "{EBDB107A-FE82-FF93-60E0-08D3015C078D}"
EndProject
Global
	GlobalSection(SolutionConfigurationPlatforms) = preSolution
		Debug|Any CPU = Debug|Any CPU
		Release|Any CPU = Release|Any CPU
	EndGlobalSection
	GlobalSection(ProjectConfigurationPlatforms) = postSolution
		{A3906CE0-E2EF-98EE-A96A-75AF48E9F4E1}.Debug|Any CPU.ActiveCfg = Debug|Any CPU
		{A3906CE0-E2EF-98EE-A96A-75AF48E9F4E1}.Debug|Any CPU.Build.0 = Debug|Any CPU
		{A3906CE0-E2EF-98EE-A96A-75AF48E9F4E1}.Release|Any CPU.ActiveCfg = Release|Any CPU
		{A3906CE0-E2EF-98EE-A96A-75AF48E9F4E1}.Release|Any CPU.Build.0 = Release|Any CPU
		{D60CBB75-1AC1-F811-3AF2-6E4010951EF4}.Debug|Any CPU.ActiveCfg = Debug|Any CPU
		{D60CBB75-1AC1-F811-3AF2-6E4010951EF4}.Debug|Any CPU.Build.0 = Debug|Any CPU
		{D60CBB75-1AC1-F811-3AF2-6E4010951EF4}.Release|Any CPU.ActiveCfg = Release|Any CPU
		{D60CBB75-1AC1-F811-3AF2-6E4010951EF4}.Release|Any CPU.Build.0 = Release|Any CPU
		{EBDB107A-FE82-FF93-60E0-08D3015C078D}.Debug|Any CPU.ActiveCfg = Debug|Any CPU
		{EBDB107A-FE82-FF93-60E0-08D3015C078D}.Debug|Any CPU.Build.0 = Debug|Any CPU
		{EBDB107A-FE82-FF93-60E0-08D3015C078D}.Release|Any CPU.ActiveCfg = Release|Any CPU
		{EBDB107A-FE82-FF93-60E0-08D3015C078D}.Release|Any CPU.Build.0 = Release|Any CPU
	EndGlobalSection
	GlobalSection(SolutionProperties) = preSolution
		HideSolutionNode = FALSE
	EndGlobalSection
	GlobalSection(ExtensibilityGlobals) = postSolution
		SolutionGuid = {68818C68-BF8A-4854-A1B7-DCBBAFEE3B20}
	EndGlobalSection
EndGlobal
